
Microsoft Visual Studio Solution File, Format Version 12.00
# Visual Studio 14
VisualStudioVersion = 14.0.25420.1
MinimumVisualStudioVersion = 10.0.40219.1
Project("{FAE04EC0-301F-11D3-BF4B-00C04F79EFBC}") = "hmsspx.Droid", "hmsspx\hmsspx.Droid\hmsspx.Droid.csproj", "{407E7411-64DB-4EA8-8E4F-1919E7E0DDBB}"
	ProjectSection(ProjectDependencies) = postProject
		{4DC1C32C-B027-4775-9C83-7540FA2B59CF} = {4DC1C32C-B027-4775-9C83-7540FA2B59CF}
	EndProjectSection
EndProject
Project("{FAE04EC0-301F-11D3-BF4B-00C04F79EFBC}") = "hmsspx.iOS", "hmsspx\hmsspx.iOS\hmsspx.iOS.csproj", "{CF51D808-767C-4DEB-918A-66D0DC676C21}"
	ProjectSection(ProjectDependencies) = postProject
		{4DC1C32C-B027-4775-9C83-7540FA2B59CF} = {4DC1C32C-B027-4775-9C83-7540FA2B59CF}
	EndProjectSection
EndProject
Project("{FAE04EC0-301F-11D3-BF4B-00C04F79EFBC}") = "hmsspx.WinPhone", "hmsspx\hmsspx.WinPhone\hmsspx.WinPhone.csproj", "{51880F2C-ADF1-4956-B415-76040FA6E94D}"
	ProjectSection(ProjectDependencies) = postProject
		{4DC1C32C-B027-4775-9C83-7540FA2B59CF} = {4DC1C32C-B027-4775-9C83-7540FA2B59CF}
	EndProjectSection
EndProject
Project("{FAE04EC0-301F-11D3-BF4B-00C04F79EFBC}") = "hmsspx.UWP", "hmsspx\hmsspx.UWP\hmsspx.UWP.csproj", "{B342AB70-CF70-46EB-A928-95AE56755686}"
	ProjectSection(ProjectDependencies) = postProject
		{4DC1C32C-B027-4775-9C83-7540FA2B59CF} = {4DC1C32C-B027-4775-9C83-7540FA2B59CF}
	EndProjectSection
EndProject
Project("{FAE04EC0-301F-11D3-BF4B-00C04F79EFBC}") = "hmsspx.Windows", "hmsspx\hmsspx.Windows\hmsspx.Windows.csproj", "{3D8234CA-7517-4790-B044-A5B56DEFB3EA}"
	ProjectSection(ProjectDependencies) = postProject
		{4DC1C32C-B027-4775-9C83-7540FA2B59CF} = {4DC1C32C-B027-4775-9C83-7540FA2B59CF}
	EndProjectSection
EndProject
Project("{FAE04EC0-301F-11D3-BF4B-00C04F79EFBC}") = "hmsspx", "hmsspx\hmsspx\hmsspx.csproj", "{4DC1C32C-B027-4775-9C83-7540FA2B59CF}"
EndProject
Project("{2150E333-8FDC-42A3-9474-1A3956D46DE8}") = "Solution Items", "Solution Items", "{E8BEC363-AAAA-4D56-9750-018C0675A2B6}"
	ProjectSection(SolutionItems) = preProject
		AndroidHosts.txt = AndroidHosts.txt
		LICENSE = LICENSE
		README.md = README.md
		Xamarin.txt = Xamarin.txt
	EndProjectSection
EndProject
Project("{FAE04EC0-301F-11D3-BF4B-00C04F79EFBC}") = "hmssp", "hmssp\hmssp.csproj", "{67F9D3A8-F71E-4428-913F-C37AE82CDB24}"
EndProject
Global
	GlobalSection(SolutionConfigurationPlatforms) = preSolution
		Ad-Hoc|Any CPU = Ad-Hoc|Any CPU
		Ad-Hoc|ARM = Ad-Hoc|ARM
		Ad-Hoc|iPhone = Ad-Hoc|iPhone
		Ad-Hoc|iPhoneSimulator = Ad-Hoc|iPhoneSimulator
		Ad-Hoc|x64 = Ad-Hoc|x64
		Ad-Hoc|x86 = Ad-Hoc|x86
		AppStore|Any CPU = AppStore|Any CPU
		AppStore|ARM = AppStore|ARM
		AppStore|iPhone = AppStore|iPhone
		AppStore|iPhoneSimulator = AppStore|iPhoneSimulator
		AppStore|x64 = AppStore|x64
		AppStore|x86 = AppStore|x86
		Debug|Any CPU = Debug|Any CPU
		Debug|ARM = Debug|ARM
		Debug|iPhone = Debug|iPhone
		Debug|iPhoneSimulator = Debug|iPhoneSimulator
		Debug|x64 = Debug|x64
		Debug|x86 = Debug|x86
		Release|Any CPU = Release|Any CPU
		Release|ARM = Release|ARM
		Release|iPhone = Release|iPhone
		Release|iPhoneSimulator = Release|iPhoneSimulator
		Release|x64 = Release|x64
		Release|x86 = Release|x86
	EndGlobalSection
	GlobalSection(ProjectConfigurationPlatforms) = postSolution
		{407E7411-64DB-4EA8-8E4F-1919E7E0DDBB}.Ad-Hoc|Any CPU.ActiveCfg = Release|Any CPU
		{407E7411-64DB-4EA8-8E4F-1919E7E0DDBB}.Ad-Hoc|Any CPU.Build.0 = Release|Any CPU
		{407E7411-64DB-4EA8-8E4F-1919E7E0DDBB}.Ad-Hoc|Any CPU.Deploy.0 = Release|Any CPU
		{407E7411-64DB-4EA8-8E4F-1919E7E0DDBB}.Ad-Hoc|ARM.ActiveCfg = Release|Any CPU
		{407E7411-64DB-4EA8-8E4F-1919E7E0DDBB}.Ad-Hoc|ARM.Build.0 = Release|Any CPU
		{407E7411-64DB-4EA8-8E4F-1919E7E0DDBB}.Ad-Hoc|ARM.Deploy.0 = Release|Any CPU
		{407E7411-64DB-4EA8-8E4F-1919E7E0DDBB}.Ad-Hoc|iPhone.ActiveCfg = Release|Any CPU
		{407E7411-64DB-4EA8-8E4F-1919E7E0DDBB}.Ad-Hoc|iPhone.Build.0 = Release|Any CPU
		{407E7411-64DB-4EA8-8E4F-1919E7E0DDBB}.Ad-Hoc|iPhone.Deploy.0 = Release|Any CPU
		{407E7411-64DB-4EA8-8E4F-1919E7E0DDBB}.Ad-Hoc|iPhoneSimulator.ActiveCfg = Release|Any CPU
		{407E7411-64DB-4EA8-8E4F-1919E7E0DDBB}.Ad-Hoc|iPhoneSimulator.Build.0 = Release|Any CPU
		{407E7411-64DB-4EA8-8E4F-1919E7E0DDBB}.Ad-Hoc|iPhoneSimulator.Deploy.0 = Release|Any CPU
		{407E7411-64DB-4EA8-8E4F-1919E7E0DDBB}.Ad-Hoc|x64.ActiveCfg = Release|Any CPU
		{407E7411-64DB-4EA8-8E4F-1919E7E0DDBB}.Ad-Hoc|x64.Build.0 = Release|Any CPU
		{407E7411-64DB-4EA8-8E4F-1919E7E0DDBB}.Ad-Hoc|x64.Deploy.0 = Release|Any CPU
		{407E7411-64DB-4EA8-8E4F-1919E7E0DDBB}.Ad-Hoc|x86.ActiveCfg = Release|Any CPU
		{407E7411-64DB-4EA8-8E4F-1919E7E0DDBB}.Ad-Hoc|x86.Build.0 = Release|Any CPU
		{407E7411-64DB-4EA8-8E4F-1919E7E0DDBB}.Ad-Hoc|x86.Deploy.0 = Release|Any CPU
		{407E7411-64DB-4EA8-8E4F-1919E7E0DDBB}.AppStore|Any CPU.ActiveCfg = Release|Any CPU
		{407E7411-64DB-4EA8-8E4F-1919E7E0DDBB}.AppStore|Any CPU.Build.0 = Release|Any CPU
		{407E7411-64DB-4EA8-8E4F-1919E7E0DDBB}.AppStore|Any CPU.Deploy.0 = Release|Any CPU
		{407E7411-64DB-4EA8-8E4F-1919E7E0DDBB}.AppStore|ARM.ActiveCfg = Release|Any CPU
		{407E7411-64DB-4EA8-8E4F-1919E7E0DDBB}.AppStore|ARM.Build.0 = Release|Any CPU
		{407E7411-64DB-4EA8-8E4F-1919E7E0DDBB}.AppStore|ARM.Deploy.0 = Release|Any CPU
		{407E7411-64DB-4EA8-8E4F-1919E7E0DDBB}.AppStore|iPhone.ActiveCfg = Release|Any CPU
		{407E7411-64DB-4EA8-8E4F-1919E7E0DDBB}.AppStore|iPhone.Build.0 = Release|Any CPU
		{407E7411-64DB-4EA8-8E4F-1919E7E0DDBB}.AppStore|iPhone.Deploy.0 = Release|Any CPU
		{407E7411-64DB-4EA8-8E4F-1919E7E0DDBB}.AppStore|iPhoneSimulator.ActiveCfg = Release|Any CPU
		{407E7411-64DB-4EA8-8E4F-1919E7E0DDBB}.AppStore|iPhoneSimulator.Build.0 = Release|Any CPU
		{407E7411-64DB-4EA8-8E4F-1919E7E0DDBB}.AppStore|iPhoneSimulator.Deploy.0 = Release|Any CPU
		{407E7411-64DB-4EA8-8E4F-1919E7E0DDBB}.AppStore|x64.ActiveCfg = Release|Any CPU
		{407E7411-64DB-4EA8-8E4F-1919E7E0DDBB}.AppStore|x64.Build.0 = Release|Any CPU
		{407E7411-64DB-4EA8-8E4F-1919E7E0DDBB}.AppStore|x64.Deploy.0 = Release|Any CPU
		{407E7411-64DB-4EA8-8E4F-1919E7E0DDBB}.AppStore|x86.ActiveCfg = Release|Any CPU
		{407E7411-64DB-4EA8-8E4F-1919E7E0DDBB}.AppStore|x86.Build.0 = Release|Any CPU
		{407E7411-64DB-4EA8-8E4F-1919E7E0DDBB}.AppStore|x86.Deploy.0 = Release|Any CPU
		{407E7411-64DB-4EA8-8E4F-1919E7E0DDBB}.Debug|Any CPU.ActiveCfg = Debug|Any CPU
		{407E7411-64DB-4EA8-8E4F-1919E7E0DDBB}.Debug|Any CPU.Build.0 = Debug|Any CPU
		{407E7411-64DB-4EA8-8E4F-1919E7E0DDBB}.Debug|Any CPU.Deploy.0 = Debug|Any CPU
		{407E7411-64DB-4EA8-8E4F-1919E7E0DDBB}.Debug|ARM.ActiveCfg = Debug|Any CPU
		{407E7411-64DB-4EA8-8E4F-1919E7E0DDBB}.Debug|ARM.Build.0 = Debug|Any CPU
		{407E7411-64DB-4EA8-8E4F-1919E7E0DDBB}.Debug|ARM.Deploy.0 = Debug|Any CPU
		{407E7411-64DB-4EA8-8E4F-1919E7E0DDBB}.Debug|iPhone.ActiveCfg = Debug|Any CPU
		{407E7411-64DB-4EA8-8E4F-1919E7E0DDBB}.Debug|iPhone.Build.0 = Debug|Any CPU
		{407E7411-64DB-4EA8-8E4F-1919E7E0DDBB}.Debug|iPhone.Deploy.0 = Debug|Any CPU
		{407E7411-64DB-4EA8-8E4F-1919E7E0DDBB}.Debug|iPhoneSimulator.ActiveCfg = Debug|Any CPU
		{407E7411-64DB-4EA8-8E4F-1919E7E0DDBB}.Debug|iPhoneSimulator.Build.0 = Debug|Any CPU
		{407E7411-64DB-4EA8-8E4F-1919E7E0DDBB}.Debug|iPhoneSimulator.Deploy.0 = Debug|Any CPU
		{407E7411-64DB-4EA8-8E4F-1919E7E0DDBB}.Debug|x64.ActiveCfg = Debug|Any CPU
		{407E7411-64DB-4EA8-8E4F-1919E7E0DDBB}.Debug|x64.Build.0 = Debug|Any CPU
		{407E7411-64DB-4EA8-8E4F-1919E7E0DDBB}.Debug|x64.Deploy.0 = Debug|Any CPU
		{407E7411-64DB-4EA8-8E4F-1919E7E0DDBB}.Debug|x86.ActiveCfg = Debug|Any CPU
		{407E7411-64DB-4EA8-8E4F-1919E7E0DDBB}.Debug|x86.Build.0 = Debug|Any CPU
		{407E7411-64DB-4EA8-8E4F-1919E7E0DDBB}.Debug|x86.Deploy.0 = Debug|Any CPU
		{407E7411-64DB-4EA8-8E4F-1919E7E0DDBB}.Release|Any CPU.ActiveCfg = Release|Any CPU
		{407E7411-64DB-4EA8-8E4F-1919E7E0DDBB}.Release|Any CPU.Build.0 = Release|Any CPU
		{407E7411-64DB-4EA8-8E4F-1919E7E0DDBB}.Release|Any CPU.Deploy.0 = Release|Any CPU
		{407E7411-64DB-4EA8-8E4F-1919E7E0DDBB}.Release|ARM.ActiveCfg = Release|Any CPU
		{407E7411-64DB-4EA8-8E4F-1919E7E0DDBB}.Release|ARM.Build.0 = Release|Any CPU
		{407E7411-64DB-4EA8-8E4F-1919E7E0DDBB}.Release|ARM.Deploy.0 = Release|Any CPU
		{407E7411-64DB-4EA8-8E4F-1919E7E0DDBB}.Release|iPhone.ActiveCfg = Release|Any CPU
		{407E7411-64DB-4EA8-8E4F-1919E7E0DDBB}.Release|iPhone.Build.0 = Release|Any CPU
		{407E7411-64DB-4EA8-8E4F-1919E7E0DDBB}.Release|iPhone.Deploy.0 = Release|Any CPU
		{407E7411-64DB-4EA8-8E4F-1919E7E0DDBB}.Release|iPhoneSimulator.ActiveCfg = Release|Any CPU
		{407E7411-64DB-4EA8-8E4F-1919E7E0DDBB}.Release|iPhoneSimulator.Build.0 = Release|Any CPU
		{407E7411-64DB-4EA8-8E4F-1919E7E0DDBB}.Release|iPhoneSimulator.Deploy.0 = Release|Any CPU
		{407E7411-64DB-4EA8-8E4F-1919E7E0DDBB}.Release|x64.ActiveCfg = Release|Any CPU
		{407E7411-64DB-4EA8-8E4F-1919E7E0DDBB}.Release|x64.Build.0 = Release|Any CPU
		{407E7411-64DB-4EA8-8E4F-1919E7E0DDBB}.Release|x64.Deploy.0 = Release|Any CPU
		{407E7411-64DB-4EA8-8E4F-1919E7E0DDBB}.Release|x86.ActiveCfg = Release|Any CPU
		{407E7411-64DB-4EA8-8E4F-1919E7E0DDBB}.Release|x86.Build.0 = Release|Any CPU
		{407E7411-64DB-4EA8-8E4F-1919E7E0DDBB}.Release|x86.Deploy.0 = Release|Any CPU
		{CF51D808-767C-4DEB-918A-66D0DC676C21}.Ad-Hoc|Any CPU.ActiveCfg = Ad-Hoc|iPhone
		{CF51D808-767C-4DEB-918A-66D0DC676C21}.Ad-Hoc|ARM.ActiveCfg = Ad-Hoc|iPhone
		{CF51D808-767C-4DEB-918A-66D0DC676C21}.Ad-Hoc|iPhone.ActiveCfg = Ad-Hoc|iPhone
		{CF51D808-767C-4DEB-918A-66D0DC676C21}.Ad-Hoc|iPhone.Build.0 = Ad-Hoc|iPhone
		{CF51D808-767C-4DEB-918A-66D0DC676C21}.Ad-Hoc|iPhoneSimulator.ActiveCfg = Ad-Hoc|iPhoneSimulator
		{CF51D808-767C-4DEB-918A-66D0DC676C21}.Ad-Hoc|iPhoneSimulator.Build.0 = Ad-Hoc|iPhoneSimulator
		{CF51D808-767C-4DEB-918A-66D0DC676C21}.Ad-Hoc|x64.ActiveCfg = Ad-Hoc|iPhone
		{CF51D808-767C-4DEB-918A-66D0DC676C21}.Ad-Hoc|x86.ActiveCfg = Ad-Hoc|iPhone
		{CF51D808-767C-4DEB-918A-66D0DC676C21}.AppStore|Any CPU.ActiveCfg = AppStore|iPhone
		{CF51D808-767C-4DEB-918A-66D0DC676C21}.AppStore|ARM.ActiveCfg = AppStore|iPhone
		{CF51D808-767C-4DEB-918A-66D0DC676C21}.AppStore|iPhone.ActiveCfg = AppStore|iPhone
		{CF51D808-767C-4DEB-918A-66D0DC676C21}.AppStore|iPhone.Build.0 = AppStore|iPhone
		{CF51D808-767C-4DEB-918A-66D0DC676C21}.AppStore|iPhoneSimulator.ActiveCfg = AppStore|iPhoneSimulator
		{CF51D808-767C-4DEB-918A-66D0DC676C21}.AppStore|iPhoneSimulator.Build.0 = AppStore|iPhoneSimulator
		{CF51D808-767C-4DEB-918A-66D0DC676C21}.AppStore|x64.ActiveCfg = AppStore|iPhone
		{CF51D808-767C-4DEB-918A-66D0DC676C21}.AppStore|x86.ActiveCfg = AppStore|iPhone
		{CF51D808-767C-4DEB-918A-66D0DC676C21}.Debug|Any CPU.ActiveCfg = Debug|iPhone
		{CF51D808-767C-4DEB-918A-66D0DC676C21}.Debug|ARM.ActiveCfg = Debug|iPhone
		{CF51D808-767C-4DEB-918A-66D0DC676C21}.Debug|iPhone.ActiveCfg = Debug|iPhoneSimulator
		{CF51D808-767C-4DEB-918A-66D0DC676C21}.Debug|iPhone.Build.0 = Debug|iPhoneSimulator
		{CF51D808-767C-4DEB-918A-66D0DC676C21}.Debug|iPhone.Deploy.0 = Debug|iPhoneSimulator
		{CF51D808-767C-4DEB-918A-66D0DC676C21}.Debug|iPhoneSimulator.ActiveCfg = Debug|iPhoneSimulator
		{CF51D808-767C-4DEB-918A-66D0DC676C21}.Debug|iPhoneSimulator.Build.0 = Debug|iPhoneSimulator
		{CF51D808-767C-4DEB-918A-66D0DC676C21}.Debug|x64.ActiveCfg = Debug|iPhone
		{CF51D808-767C-4DEB-918A-66D0DC676C21}.Debug|x86.ActiveCfg = Debug|iPhone
		{CF51D808-767C-4DEB-918A-66D0DC676C21}.Release|Any CPU.ActiveCfg = Release|iPhone
		{CF51D808-767C-4DEB-918A-66D0DC676C21}.Release|ARM.ActiveCfg = Release|iPhone
		{CF51D808-767C-4DEB-918A-66D0DC676C21}.Release|iPhone.ActiveCfg = Release|iPhone
		{CF51D808-767C-4DEB-918A-66D0DC676C21}.Release|iPhone.Build.0 = Release|iPhone
		{CF51D808-767C-4DEB-918A-66D0DC676C21}.Release|iPhoneSimulator.ActiveCfg = Release|iPhoneSimulator
		{CF51D808-767C-4DEB-918A-66D0DC676C21}.Release|iPhoneSimulator.Build.0 = Release|iPhoneSimulator
		{CF51D808-767C-4DEB-918A-66D0DC676C21}.Release|x64.ActiveCfg = Release|iPhone
		{CF51D808-767C-4DEB-918A-66D0DC676C21}.Release|x86.ActiveCfg = Release|iPhone
		{51880F2C-ADF1-4956-B415-76040FA6E94D}.Ad-Hoc|Any CPU.ActiveCfg = Release|Any CPU
		{51880F2C-ADF1-4956-B415-76040FA6E94D}.Ad-Hoc|Any CPU.Build.0 = Release|Any CPU
		{51880F2C-ADF1-4956-B415-76040FA6E94D}.Ad-Hoc|Any CPU.Deploy.0 = Release|Any CPU
		{51880F2C-ADF1-4956-B415-76040FA6E94D}.Ad-Hoc|ARM.ActiveCfg = Release|ARM
		{51880F2C-ADF1-4956-B415-76040FA6E94D}.Ad-Hoc|ARM.Build.0 = Release|ARM
		{51880F2C-ADF1-4956-B415-76040FA6E94D}.Ad-Hoc|ARM.Deploy.0 = Release|ARM
		{51880F2C-ADF1-4956-B415-76040FA6E94D}.Ad-Hoc|iPhone.ActiveCfg = Release|Any CPU
		{51880F2C-ADF1-4956-B415-76040FA6E94D}.Ad-Hoc|iPhone.Build.0 = Release|Any CPU
		{51880F2C-ADF1-4956-B415-76040FA6E94D}.Ad-Hoc|iPhone.Deploy.0 = Release|Any CPU
		{51880F2C-ADF1-4956-B415-76040FA6E94D}.Ad-Hoc|iPhoneSimulator.ActiveCfg = Release|Any CPU
		{51880F2C-ADF1-4956-B415-76040FA6E94D}.Ad-Hoc|iPhoneSimulator.Build.0 = Release|Any CPU
		{51880F2C-ADF1-4956-B415-76040FA6E94D}.Ad-Hoc|iPhoneSimulator.Deploy.0 = Release|Any CPU
		{51880F2C-ADF1-4956-B415-76040FA6E94D}.Ad-Hoc|x64.ActiveCfg = Release|Any CPU
		{51880F2C-ADF1-4956-B415-76040FA6E94D}.Ad-Hoc|x64.Build.0 = Release|Any CPU
		{51880F2C-ADF1-4956-B415-76040FA6E94D}.Ad-Hoc|x64.Deploy.0 = Release|Any CPU
		{51880F2C-ADF1-4956-B415-76040FA6E94D}.Ad-Hoc|x86.ActiveCfg = Release|x86
		{51880F2C-ADF1-4956-B415-76040FA6E94D}.Ad-Hoc|x86.Build.0 = Release|x86
		{51880F2C-ADF1-4956-B415-76040FA6E94D}.Ad-Hoc|x86.Deploy.0 = Release|x86
		{51880F2C-ADF1-4956-B415-76040FA6E94D}.AppStore|Any CPU.ActiveCfg = Release|Any CPU
		{51880F2C-ADF1-4956-B415-76040FA6E94D}.AppStore|Any CPU.Build.0 = Release|Any CPU
		{51880F2C-ADF1-4956-B415-76040FA6E94D}.AppStore|Any CPU.Deploy.0 = Release|Any CPU
		{51880F2C-ADF1-4956-B415-76040FA6E94D}.AppStore|ARM.ActiveCfg = Release|ARM
		{51880F2C-ADF1-4956-B415-76040FA6E94D}.AppStore|ARM.Build.0 = Release|ARM
		{51880F2C-ADF1-4956-B415-76040FA6E94D}.AppStore|ARM.Deploy.0 = Release|ARM
		{51880F2C-ADF1-4956-B415-76040FA6E94D}.AppStore|iPhone.ActiveCfg = Release|Any CPU
		{51880F2C-ADF1-4956-B415-76040FA6E94D}.AppStore|iPhone.Build.0 = Release|Any CPU
		{51880F2C-ADF1-4956-B415-76040FA6E94D}.AppStore|iPhone.Deploy.0 = Release|Any CPU
		{51880F2C-ADF1-4956-B415-76040FA6E94D}.AppStore|iPhoneSimulator.ActiveCfg = Release|Any CPU
		{51880F2C-ADF1-4956-B415-76040FA6E94D}.AppStore|iPhoneSimulator.Build.0 = Release|Any CPU
		{51880F2C-ADF1-4956-B415-76040FA6E94D}.AppStore|iPhoneSimulator.Deploy.0 = Release|Any CPU
		{51880F2C-ADF1-4956-B415-76040FA6E94D}.AppStore|x64.ActiveCfg = Release|Any CPU
		{51880F2C-ADF1-4956-B415-76040FA6E94D}.AppStore|x64.Build.0 = Release|Any CPU
		{51880F2C-ADF1-4956-B415-76040FA6E94D}.AppStore|x64.Deploy.0 = Release|Any CPU
		{51880F2C-ADF1-4956-B415-76040FA6E94D}.AppStore|x86.ActiveCfg = Release|x86
		{51880F2C-ADF1-4956-B415-76040FA6E94D}.AppStore|x86.Build.0 = Release|x86
		{51880F2C-ADF1-4956-B415-76040FA6E94D}.AppStore|x86.Deploy.0 = Release|x86
		{51880F2C-ADF1-4956-B415-76040FA6E94D}.Debug|Any CPU.ActiveCfg = Debug|Any CPU
		{51880F2C-ADF1-4956-B415-76040FA6E94D}.Debug|Any CPU.Build.0 = Debug|Any CPU
		{51880F2C-ADF1-4956-B415-76040FA6E94D}.Debug|Any CPU.Deploy.0 = Debug|Any CPU
		{51880F2C-ADF1-4956-B415-76040FA6E94D}.Debug|ARM.ActiveCfg = Debug|ARM
		{51880F2C-ADF1-4956-B415-76040FA6E94D}.Debug|ARM.Build.0 = Debug|ARM
		{51880F2C-ADF1-4956-B415-76040FA6E94D}.Debug|ARM.Deploy.0 = Debug|ARM
		{51880F2C-ADF1-4956-B415-76040FA6E94D}.Debug|iPhone.ActiveCfg = Debug|Any CPU
		{51880F2C-ADF1-4956-B415-76040FA6E94D}.Debug|iPhone.Build.0 = Debug|Any CPU
		{51880F2C-ADF1-4956-B415-76040FA6E94D}.Debug|iPhone.Deploy.0 = Debug|Any CPU
		{51880F2C-ADF1-4956-B415-76040FA6E94D}.Debug|iPhoneSimulator.ActiveCfg = Debug|Any CPU
		{51880F2C-ADF1-4956-B415-76040FA6E94D}.Debug|iPhoneSimulator.Build.0 = Debug|Any CPU
		{51880F2C-ADF1-4956-B415-76040FA6E94D}.Debug|iPhoneSimulator.Deploy.0 = Debug|Any CPU
		{51880F2C-ADF1-4956-B415-76040FA6E94D}.Debug|x64.ActiveCfg = Debug|Any CPU
		{51880F2C-ADF1-4956-B415-76040FA6E94D}.Debug|x64.Build.0 = Debug|Any CPU
		{51880F2C-ADF1-4956-B415-76040FA6E94D}.Debug|x64.Deploy.0 = Debug|Any CPU
		{51880F2C-ADF1-4956-B415-76040FA6E94D}.Debug|x86.ActiveCfg = Debug|x86
		{51880F2C-ADF1-4956-B415-76040FA6E94D}.Debug|x86.Build.0 = Debug|x86
		{51880F2C-ADF1-4956-B415-76040FA6E94D}.Debug|x86.Deploy.0 = Debug|x86
		{51880F2C-ADF1-4956-B415-76040FA6E94D}.Release|Any CPU.ActiveCfg = Release|Any CPU
		{51880F2C-ADF1-4956-B415-76040FA6E94D}.Release|Any CPU.Build.0 = Release|Any CPU
		{51880F2C-ADF1-4956-B415-76040FA6E94D}.Release|Any CPU.Deploy.0 = Release|Any CPU
		{51880F2C-ADF1-4956-B415-76040FA6E94D}.Release|ARM.ActiveCfg = Release|ARM
		{51880F2C-ADF1-4956-B415-76040FA6E94D}.Release|ARM.Build.0 = Release|ARM
		{51880F2C-ADF1-4956-B415-76040FA6E94D}.Release|ARM.Deploy.0 = Release|ARM
		{51880F2C-ADF1-4956-B415-76040FA6E94D}.Release|iPhone.ActiveCfg = Release|Any CPU
		{51880F2C-ADF1-4956-B415-76040FA6E94D}.Release|iPhone.Build.0 = Release|Any CPU
		{51880F2C-ADF1-4956-B415-76040FA6E94D}.Release|iPhone.Deploy.0 = Release|Any CPU
		{51880F2C-ADF1-4956-B415-76040FA6E94D}.Release|iPhoneSimulator.ActiveCfg = Release|Any CPU
		{51880F2C-ADF1-4956-B415-76040FA6E94D}.Release|iPhoneSimulator.Build.0 = Release|Any CPU
		{51880F2C-ADF1-4956-B415-76040FA6E94D}.Release|iPhoneSimulator.Deploy.0 = Release|Any CPU
		{51880F2C-ADF1-4956-B415-76040FA6E94D}.Release|x64.ActiveCfg = Release|Any CPU
		{51880F2C-ADF1-4956-B415-76040FA6E94D}.Release|x64.Build.0 = Release|Any CPU
		{51880F2C-ADF1-4956-B415-76040FA6E94D}.Release|x64.Deploy.0 = Release|Any CPU
		{51880F2C-ADF1-4956-B415-76040FA6E94D}.Release|x86.ActiveCfg = Release|x86
		{51880F2C-ADF1-4956-B415-76040FA6E94D}.Release|x86.Build.0 = Release|x86
		{51880F2C-ADF1-4956-B415-76040FA6E94D}.Release|x86.Deploy.0 = Release|x86
		{B342AB70-CF70-46EB-A928-95AE56755686}.Ad-Hoc|Any CPU.ActiveCfg = Release|x86
		{B342AB70-CF70-46EB-A928-95AE56755686}.Ad-Hoc|Any CPU.Build.0 = Release|x86
		{B342AB70-CF70-46EB-A928-95AE56755686}.Ad-Hoc|Any CPU.Deploy.0 = Release|x86
		{B342AB70-CF70-46EB-A928-95AE56755686}.Ad-Hoc|ARM.ActiveCfg = Release|ARM
		{B342AB70-CF70-46EB-A928-95AE56755686}.Ad-Hoc|ARM.Build.0 = Release|ARM
		{B342AB70-CF70-46EB-A928-95AE56755686}.Ad-Hoc|ARM.Deploy.0 = Release|ARM
		{B342AB70-CF70-46EB-A928-95AE56755686}.Ad-Hoc|iPhone.ActiveCfg = Release|x86
		{B342AB70-CF70-46EB-A928-95AE56755686}.Ad-Hoc|iPhone.Build.0 = Release|x86
		{B342AB70-CF70-46EB-A928-95AE56755686}.Ad-Hoc|iPhone.Deploy.0 = Release|x86
		{B342AB70-CF70-46EB-A928-95AE56755686}.Ad-Hoc|iPhoneSimulator.ActiveCfg = Release|x86
		{B342AB70-CF70-46EB-A928-95AE56755686}.Ad-Hoc|iPhoneSimulator.Build.0 = Release|x86
		{B342AB70-CF70-46EB-A928-95AE56755686}.Ad-Hoc|iPhoneSimulator.Deploy.0 = Release|x86
		{B342AB70-CF70-46EB-A928-95AE56755686}.Ad-Hoc|x64.ActiveCfg = Release|x64
		{B342AB70-CF70-46EB-A928-95AE56755686}.Ad-Hoc|x64.Build.0 = Release|x64
		{B342AB70-CF70-46EB-A928-95AE56755686}.Ad-Hoc|x64.Deploy.0 = Release|x64
		{B342AB70-CF70-46EB-A928-95AE56755686}.Ad-Hoc|x86.ActiveCfg = Release|x86
		{B342AB70-CF70-46EB-A928-95AE56755686}.Ad-Hoc|x86.Build.0 = Release|x86
		{B342AB70-CF70-46EB-A928-95AE56755686}.Ad-Hoc|x86.Deploy.0 = Release|x86
		{B342AB70-CF70-46EB-A928-95AE56755686}.AppStore|Any CPU.ActiveCfg = Release|x86
		{B342AB70-CF70-46EB-A928-95AE56755686}.AppStore|Any CPU.Build.0 = Release|x86
		{B342AB70-CF70-46EB-A928-95AE56755686}.AppStore|Any CPU.Deploy.0 = Release|x86
		{B342AB70-CF70-46EB-A928-95AE56755686}.AppStore|ARM.ActiveCfg = Release|ARM
		{B342AB70-CF70-46EB-A928-95AE56755686}.AppStore|ARM.Build.0 = Release|ARM
		{B342AB70-CF70-46EB-A928-95AE56755686}.AppStore|ARM.Deploy.0 = Release|ARM
		{B342AB70-CF70-46EB-A928-95AE56755686}.AppStore|iPhone.ActiveCfg = Release|x86
		{B342AB70-CF70-46EB-A928-95AE56755686}.AppStore|iPhone.Build.0 = Release|x86
		{B342AB70-CF70-46EB-A928-95AE56755686}.AppStore|iPhone.Deploy.0 = Release|x86
		{B342AB70-CF70-46EB-A928-95AE56755686}.AppStore|iPhoneSimulator.ActiveCfg = Release|x86
		{B342AB70-CF70-46EB-A928-95AE56755686}.AppStore|iPhoneSimulator.Build.0 = Release|x86
		{B342AB70-CF70-46EB-A928-95AE56755686}.AppStore|iPhoneSimulator.Deploy.0 = Release|x86
		{B342AB70-CF70-46EB-A928-95AE56755686}.AppStore|x64.ActiveCfg = Release|x64
		{B342AB70-CF70-46EB-A928-95AE56755686}.AppStore|x64.Build.0 = Release|x64
		{B342AB70-CF70-46EB-A928-95AE56755686}.AppStore|x64.Deploy.0 = Release|x64
		{B342AB70-CF70-46EB-A928-95AE56755686}.AppStore|x86.ActiveCfg = Release|x86
		{B342AB70-CF70-46EB-A928-95AE56755686}.AppStore|x86.Build.0 = Release|x86
		{B342AB70-CF70-46EB-A928-95AE56755686}.AppStore|x86.Deploy.0 = Release|x86
		{B342AB70-CF70-46EB-A928-95AE56755686}.Debug|Any CPU.ActiveCfg = Debug|x86
		{B342AB70-CF70-46EB-A928-95AE56755686}.Debug|Any CPU.Build.0 = Debug|x86
		{B342AB70-CF70-46EB-A928-95AE56755686}.Debug|Any CPU.Deploy.0 = Debug|x86
		{B342AB70-CF70-46EB-A928-95AE56755686}.Debug|ARM.ActiveCfg = Debug|ARM
		{B342AB70-CF70-46EB-A928-95AE56755686}.Debug|ARM.Build.0 = Debug|ARM
		{B342AB70-CF70-46EB-A928-95AE56755686}.Debug|ARM.Deploy.0 = Debug|ARM
		{B342AB70-CF70-46EB-A928-95AE56755686}.Debug|iPhone.ActiveCfg = Debug|x86
		{B342AB70-CF70-46EB-A928-95AE56755686}.Debug|iPhoneSimulator.ActiveCfg = Debug|x86
		{B342AB70-CF70-46EB-A928-95AE56755686}.Debug|iPhoneSimulator.Build.0 = Debug|x86
		{B342AB70-CF70-46EB-A928-95AE56755686}.Debug|iPhoneSimulator.Deploy.0 = Debug|x86
		{B342AB70-CF70-46EB-A928-95AE56755686}.Debug|x64.ActiveCfg = Debug|x64
		{B342AB70-CF70-46EB-A928-95AE56755686}.Debug|x64.Build.0 = Debug|x64
		{B342AB70-CF70-46EB-A928-95AE56755686}.Debug|x64.Deploy.0 = Debug|x64
		{B342AB70-CF70-46EB-A928-95AE56755686}.Debug|x86.ActiveCfg = Debug|x86
		{B342AB70-CF70-46EB-A928-95AE56755686}.Debug|x86.Build.0 = Debug|x86
		{B342AB70-CF70-46EB-A928-95AE56755686}.Debug|x86.Deploy.0 = Debug|x86
		{B342AB70-CF70-46EB-A928-95AE56755686}.Release|Any CPU.ActiveCfg = Release|x86
		{B342AB70-CF70-46EB-A928-95AE56755686}.Release|ARM.ActiveCfg = Release|ARM
		{B342AB70-CF70-46EB-A928-95AE56755686}.Release|ARM.Build.0 = Release|ARM
		{B342AB70-CF70-46EB-A928-95AE56755686}.Release|ARM.Deploy.0 = Release|ARM
		{B342AB70-CF70-46EB-A928-95AE56755686}.Release|iPhone.ActiveCfg = Release|x86
		{B342AB70-CF70-46EB-A928-95AE56755686}.Release|iPhoneSimulator.ActiveCfg = Release|x86
		{B342AB70-CF70-46EB-A928-95AE56755686}.Release|x64.ActiveCfg = Release|x64
		{B342AB70-CF70-46EB-A928-95AE56755686}.Release|x64.Build.0 = Release|x64
		{B342AB70-CF70-46EB-A928-95AE56755686}.Release|x64.Deploy.0 = Release|x64
		{B342AB70-CF70-46EB-A928-95AE56755686}.Release|x86.ActiveCfg = Release|x86
		{B342AB70-CF70-46EB-A928-95AE56755686}.Release|x86.Build.0 = Release|x86
		{B342AB70-CF70-46EB-A928-95AE56755686}.Release|x86.Deploy.0 = Release|x86
		{3D8234CA-7517-4790-B044-A5B56DEFB3EA}.Ad-Hoc|Any CPU.ActiveCfg = Release|Any CPU
		{3D8234CA-7517-4790-B044-A5B56DEFB3EA}.Ad-Hoc|Any CPU.Build.0 = Release|Any CPU
		{3D8234CA-7517-4790-B044-A5B56DEFB3EA}.Ad-Hoc|Any CPU.Deploy.0 = Release|Any CPU
		{3D8234CA-7517-4790-B044-A5B56DEFB3EA}.Ad-Hoc|ARM.ActiveCfg = Release|ARM
		{3D8234CA-7517-4790-B044-A5B56DEFB3EA}.Ad-Hoc|ARM.Build.0 = Release|ARM
		{3D8234CA-7517-4790-B044-A5B56DEFB3EA}.Ad-Hoc|ARM.Deploy.0 = Release|ARM
		{3D8234CA-7517-4790-B044-A5B56DEFB3EA}.Ad-Hoc|iPhone.ActiveCfg = Release|Any CPU
		{3D8234CA-7517-4790-B044-A5B56DEFB3EA}.Ad-Hoc|iPhone.Build.0 = Release|Any CPU
		{3D8234CA-7517-4790-B044-A5B56DEFB3EA}.Ad-Hoc|iPhone.Deploy.0 = Release|Any CPU
		{3D8234CA-7517-4790-B044-A5B56DEFB3EA}.Ad-Hoc|iPhoneSimulator.ActiveCfg = Release|Any CPU
		{3D8234CA-7517-4790-B044-A5B56DEFB3EA}.Ad-Hoc|iPhoneSimulator.Build.0 = Release|Any CPU
		{3D8234CA-7517-4790-B044-A5B56DEFB3EA}.Ad-Hoc|iPhoneSimulator.Deploy.0 = Release|Any CPU
		{3D8234CA-7517-4790-B044-A5B56DEFB3EA}.Ad-Hoc|x64.ActiveCfg = Release|x64
		{3D8234CA-7517-4790-B044-A5B56DEFB3EA}.Ad-Hoc|x64.Build.0 = Release|x64
		{3D8234CA-7517-4790-B044-A5B56DEFB3EA}.Ad-Hoc|x64.Deploy.0 = Release|x64
		{3D8234CA-7517-4790-B044-A5B56DEFB3EA}.Ad-Hoc|x86.ActiveCfg = Release|x86
		{3D8234CA-7517-4790-B044-A5B56DEFB3EA}.Ad-Hoc|x86.Build.0 = Release|x86
		{3D8234CA-7517-4790-B044-A5B56DEFB3EA}.Ad-Hoc|x86.Deploy.0 = Release|x86
		{3D8234CA-7517-4790-B044-A5B56DEFB3EA}.AppStore|Any CPU.ActiveCfg = Release|Any CPU
		{3D8234CA-7517-4790-B044-A5B56DEFB3EA}.AppStore|Any CPU.Build.0 = Release|Any CPU
		{3D8234CA-7517-4790-B044-A5B56DEFB3EA}.AppStore|Any CPU.Deploy.0 = Release|Any CPU
		{3D8234CA-7517-4790-B044-A5B56DEFB3EA}.AppStore|ARM.ActiveCfg = Release|ARM
		{3D8234CA-7517-4790-B044-A5B56DEFB3EA}.AppStore|ARM.Build.0 = Release|ARM
		{3D8234CA-7517-4790-B044-A5B56DEFB3EA}.AppStore|ARM.Deploy.0 = Release|ARM
		{3D8234CA-7517-4790-B044-A5B56DEFB3EA}.AppStore|iPhone.ActiveCfg = Release|Any CPU
		{3D8234CA-7517-4790-B044-A5B56DEFB3EA}.AppStore|iPhone.Build.0 = Release|Any CPU
		{3D8234CA-7517-4790-B044-A5B56DEFB3EA}.AppStore|iPhone.Deploy.0 = Release|Any CPU
		{3D8234CA-7517-4790-B044-A5B56DEFB3EA}.AppStore|iPhoneSimulator.ActiveCfg = Release|Any CPU
		{3D8234CA-7517-4790-B044-A5B56DEFB3EA}.AppStore|iPhoneSimulator.Build.0 = Release|Any CPU
		{3D8234CA-7517-4790-B044-A5B56DEFB3EA}.AppStore|iPhoneSimulator.Deploy.0 = Release|Any CPU
		{3D8234CA-7517-4790-B044-A5B56DEFB3EA}.AppStore|x64.ActiveCfg = Release|x64
		{3D8234CA-7517-4790-B044-A5B56DEFB3EA}.AppStore|x64.Build.0 = Release|x64
		{3D8234CA-7517-4790-B044-A5B56DEFB3EA}.AppStore|x64.Deploy.0 = Release|x64
		{3D8234CA-7517-4790-B044-A5B56DEFB3EA}.AppStore|x86.ActiveCfg = Release|x86
		{3D8234CA-7517-4790-B044-A5B56DEFB3EA}.AppStore|x86.Build.0 = Release|x86
		{3D8234CA-7517-4790-B044-A5B56DEFB3EA}.AppStore|x86.Deploy.0 = Release|x86
		{3D8234CA-7517-4790-B044-A5B56DEFB3EA}.Debug|Any CPU.ActiveCfg = Debug|Any CPU
		{3D8234CA-7517-4790-B044-A5B56DEFB3EA}.Debug|Any CPU.Build.0 = Debug|Any CPU
		{3D8234CA-7517-4790-B044-A5B56DEFB3EA}.Debug|Any CPU.Deploy.0 = Debug|Any CPU
		{3D8234CA-7517-4790-B044-A5B56DEFB3EA}.Debug|ARM.ActiveCfg = Debug|ARM
		{3D8234CA-7517-4790-B044-A5B56DEFB3EA}.Debug|ARM.Build.0 = Debug|ARM
		{3D8234CA-7517-4790-B044-A5B56DEFB3EA}.Debug|ARM.Deploy.0 = Debug|ARM
		{3D8234CA-7517-4790-B044-A5B56DEFB3EA}.Debug|iPhone.ActiveCfg = Debug|Any CPU
		{3D8234CA-7517-4790-B044-A5B56DEFB3EA}.Debug|iPhone.Build.0 = Debug|Any CPU
		{3D8234CA-7517-4790-B044-A5B56DEFB3EA}.Debug|iPhone.Deploy.0 = Debug|Any CPU
		{3D8234CA-7517-4790-B044-A5B56DEFB3EA}.Debug|iPhoneSimulator.ActiveCfg = Debug|Any CPU
		{3D8234CA-7517-4790-B044-A5B56DEFB3EA}.Debug|iPhoneSimulator.Build.0 = Debug|Any CPU
		{3D8234CA-7517-4790-B044-A5B56DEFB3EA}.Debug|iPhoneSimulator.Deploy.0 = Debug|Any CPU
		{3D8234CA-7517-4790-B044-A5B56DEFB3EA}.Debug|x64.ActiveCfg = Debug|x64
		{3D8234CA-7517-4790-B044-A5B56DEFB3EA}.Debug|x64.Build.0 = Debug|x64
		{3D8234CA-7517-4790-B044-A5B56DEFB3EA}.Debug|x64.Deploy.0 = Debug|x64
		{3D8234CA-7517-4790-B044-A5B56DEFB3EA}.Debug|x86.ActiveCfg = Debug|x86
		{3D8234CA-7517-4790-B044-A5B56DEFB3EA}.Debug|x86.Build.0 = Debug|x86
		{3D8234CA-7517-4790-B044-A5B56DEFB3EA}.Debug|x86.Deploy.0 = Debug|x86
		{3D8234CA-7517-4790-B044-A5B56DEFB3EA}.Release|Any CPU.ActiveCfg = Release|Any CPU
		{3D8234CA-7517-4790-B044-A5B56DEFB3EA}.Release|Any CPU.Build.0 = Release|Any CPU
		{3D8234CA-7517-4790-B044-A5B56DEFB3EA}.Release|Any CPU.Deploy.0 = Release|Any CPU
		{3D8234CA-7517-4790-B044-A5B56DEFB3EA}.Release|ARM.ActiveCfg = Release|ARM
		{3D8234CA-7517-4790-B044-A5B56DEFB3EA}.Release|ARM.Build.0 = Release|ARM
		{3D8234CA-7517-4790-B044-A5B56DEFB3EA}.Release|ARM.Deploy.0 = Release|ARM
		{3D8234CA-7517-4790-B044-A5B56DEFB3EA}.Release|iPhone.ActiveCfg = Release|Any CPU
		{3D8234CA-7517-4790-B044-A5B56DEFB3EA}.Release|iPhone.Build.0 = Release|Any CPU
		{3D8234CA-7517-4790-B044-A5B56DEFB3EA}.Release|iPhone.Deploy.0 = Release|Any CPU
		{3D8234CA-7517-4790-B044-A5B56DEFB3EA}.Release|iPhoneSimulator.ActiveCfg = Release|Any CPU
		{3D8234CA-7517-4790-B044-A5B56DEFB3EA}.Release|iPhoneSimulator.Build.0 = Release|Any CPU
		{3D8234CA-7517-4790-B044-A5B56DEFB3EA}.Release|iPhoneSimulator.Deploy.0 = Release|Any CPU
		{3D8234CA-7517-4790-B044-A5B56DEFB3EA}.Release|x64.ActiveCfg = Release|x64
		{3D8234CA-7517-4790-B044-A5B56DEFB3EA}.Release|x64.Build.0 = Release|x64
		{3D8234CA-7517-4790-B044-A5B56DEFB3EA}.Release|x64.Deploy.0 = Release|x64
		{3D8234CA-7517-4790-B044-A5B56DEFB3EA}.Release|x86.ActiveCfg = Release|x86
		{3D8234CA-7517-4790-B044-A5B56DEFB3EA}.Release|x86.Build.0 = Release|x86
		{3D8234CA-7517-4790-B044-A5B56DEFB3EA}.Release|x86.Deploy.0 = Release|x86
		{4DC1C32C-B027-4775-9C83-7540FA2B59CF}.Ad-Hoc|Any CPU.ActiveCfg = Release|Any CPU
		{4DC1C32C-B027-4775-9C83-7540FA2B59CF}.Ad-Hoc|Any CPU.Build.0 = Release|Any CPU
		{4DC1C32C-B027-4775-9C83-7540FA2B59CF}.Ad-Hoc|ARM.ActiveCfg = Release|Any CPU
		{4DC1C32C-B027-4775-9C83-7540FA2B59CF}.Ad-Hoc|ARM.Build.0 = Release|Any CPU
		{4DC1C32C-B027-4775-9C83-7540FA2B59CF}.Ad-Hoc|iPhone.ActiveCfg = Release|Any CPU
		{4DC1C32C-B027-4775-9C83-7540FA2B59CF}.Ad-Hoc|iPhone.Build.0 = Release|Any CPU
		{4DC1C32C-B027-4775-9C83-7540FA2B59CF}.Ad-Hoc|iPhoneSimulator.ActiveCfg = Release|Any CPU
		{4DC1C32C-B027-4775-9C83-7540FA2B59CF}.Ad-Hoc|iPhoneSimulator.Build.0 = Release|Any CPU
		{4DC1C32C-B027-4775-9C83-7540FA2B59CF}.Ad-Hoc|x64.ActiveCfg = Release|Any CPU
		{4DC1C32C-B027-4775-9C83-7540FA2B59CF}.Ad-Hoc|x64.Build.0 = Release|Any CPU
		{4DC1C32C-B027-4775-9C83-7540FA2B59CF}.Ad-Hoc|x86.ActiveCfg = Release|Any CPU
		{4DC1C32C-B027-4775-9C83-7540FA2B59CF}.Ad-Hoc|x86.Build.0 = Release|Any CPU
		{4DC1C32C-B027-4775-9C83-7540FA2B59CF}.AppStore|Any CPU.ActiveCfg = Release|Any CPU
		{4DC1C32C-B027-4775-9C83-7540FA2B59CF}.AppStore|Any CPU.Build.0 = Release|Any CPU
		{4DC1C32C-B027-4775-9C83-7540FA2B59CF}.AppStore|ARM.ActiveCfg = Release|Any CPU
		{4DC1C32C-B027-4775-9C83-7540FA2B59CF}.AppStore|ARM.Build.0 = Release|Any CPU
		{4DC1C32C-B027-4775-9C83-7540FA2B59CF}.AppStore|iPhone.ActiveCfg = Release|Any CPU
		{4DC1C32C-B027-4775-9C83-7540FA2B59CF}.AppStore|iPhone.Build.0 = Release|Any CPU
		{4DC1C32C-B027-4775-9C83-7540FA2B59CF}.AppStore|iPhoneSimulator.ActiveCfg = Release|Any CPU
		{4DC1C32C-B027-4775-9C83-7540FA2B59CF}.AppStore|iPhoneSimulator.Build.0 = Release|Any CPU
		{4DC1C32C-B027-4775-9C83-7540FA2B59CF}.AppStore|x64.ActiveCfg = Release|Any CPU
		{4DC1C32C-B027-4775-9C83-7540FA2B59CF}.AppStore|x64.Build.0 = Release|Any CPU
		{4DC1C32C-B027-4775-9C83-7540FA2B59CF}.AppStore|x86.ActiveCfg = Release|Any CPU
		{4DC1C32C-B027-4775-9C83-7540FA2B59CF}.AppStore|x86.Build.0 = Release|Any CPU
		{4DC1C32C-B027-4775-9C83-7540FA2B59CF}.Debug|Any CPU.ActiveCfg = Debug|Any CPU
		{4DC1C32C-B027-4775-9C83-7540FA2B59CF}.Debug|Any CPU.Build.0 = Debug|Any CPU
		{4DC1C32C-B027-4775-9C83-7540FA2B59CF}.Debug|ARM.ActiveCfg = Debug|Any CPU
		{4DC1C32C-B027-4775-9C83-7540FA2B59CF}.Debug|ARM.Build.0 = Debug|Any CPU
		{4DC1C32C-B027-4775-9C83-7540FA2B59CF}.Debug|iPhone.ActiveCfg = Debug|Any CPU
		{4DC1C32C-B027-4775-9C83-7540FA2B59CF}.Debug|iPhone.Build.0 = Debug|Any CPU
		{4DC1C32C-B027-4775-9C83-7540FA2B59CF}.Debug|iPhoneSimulator.ActiveCfg = Debug|Any CPU
		{4DC1C32C-B027-4775-9C83-7540FA2B59CF}.Debug|iPhoneSimulator.Build.0 = Debug|Any CPU
		{4DC1C32C-B027-4775-9C83-7540FA2B59CF}.Debug|x64.ActiveCfg = Debug|Any CPU
		{4DC1C32C-B027-4775-9C83-7540FA2B59CF}.Debug|x64.Build.0 = Debug|Any CPU
		{4DC1C32C-B027-4775-9C83-7540FA2B59CF}.Debug|x86.ActiveCfg = Debug|Any CPU
		{4DC1C32C-B027-4775-9C83-7540FA2B59CF}.Debug|x86.Build.0 = Debug|Any CPU
		{4DC1C32C-B027-4775-9C83-7540FA2B59CF}.Release|Any CPU.ActiveCfg = Release|Any CPU
		{4DC1C32C-B027-4775-9C83-7540FA2B59CF}.Release|Any CPU.Build.0 = Release|Any CPU
		{4DC1C32C-B027-4775-9C83-7540FA2B59CF}.Release|ARM.ActiveCfg = Release|Any CPU
		{4DC1C32C-B027-4775-9C83-7540FA2B59CF}.Release|ARM.Build.0 = Release|Any CPU
		{4DC1C32C-B027-4775-9C83-7540FA2B59CF}.Release|iPhone.ActiveCfg = Release|Any CPU
		{4DC1C32C-B027-4775-9C83-7540FA2B59CF}.Release|iPhone.Build.0 = Release|Any CPU
		{4DC1C32C-B027-4775-9C83-7540FA2B59CF}.Release|iPhoneSimulator.ActiveCfg = Release|Any CPU
		{4DC1C32C-B027-4775-9C83-7540FA2B59CF}.Release|iPhoneSimulator.Build.0 = Release|Any CPU
		{4DC1C32C-B027-4775-9C83-7540FA2B59CF}.Release|x64.ActiveCfg = Release|Any CPU
		{4DC1C32C-B027-4775-9C83-7540FA2B59CF}.Release|x64.Build.0 = Release|Any CPU
		{4DC1C32C-B027-4775-9C83-7540FA2B59CF}.Release|x86.ActiveCfg = Release|Any CPU
		{4DC1C32C-B027-4775-9C83-7540FA2B59CF}.Release|x86.Build.0 = Release|Any CPU
		{67F9D3A8-F71E-4428-913F-C37AE82CDB24}.Ad-Hoc|Any CPU.ActiveCfg = Release|Any CPU
		{67F9D3A8-F71E-4428-913F-C37AE82CDB24}.Ad-Hoc|Any CPU.Build.0 = Release|Any CPU
		{67F9D3A8-F71E-4428-913F-C37AE82CDB24}.Ad-Hoc|ARM.ActiveCfg = Release|Any CPU
		{67F9D3A8-F71E-4428-913F-C37AE82CDB24}.Ad-Hoc|ARM.Build.0 = Release|Any CPU
		{67F9D3A8-F71E-4428-913F-C37AE82CDB24}.Ad-Hoc|iPhone.ActiveCfg = Release|Any CPU
		{67F9D3A8-F71E-4428-913F-C37AE82CDB24}.Ad-Hoc|iPhone.Build.0 = Release|Any CPU
		{67F9D3A8-F71E-4428-913F-C37AE82CDB24}.Ad-Hoc|iPhoneSimulator.ActiveCfg = Release|Any CPU
		{67F9D3A8-F71E-4428-913F-C37AE82CDB24}.Ad-Hoc|iPhoneSimulator.Build.0 = Release|Any CPU
		{67F9D3A8-F71E-4428-913F-C37AE82CDB24}.Ad-Hoc|x64.ActiveCfg = Release|Any CPU
		{67F9D3A8-F71E-4428-913F-C37AE82CDB24}.Ad-Hoc|x64.Build.0 = Release|Any CPU
		{67F9D3A8-F71E-4428-913F-C37AE82CDB24}.Ad-Hoc|x86.ActiveCfg = Release|Any CPU
		{67F9D3A8-F71E-4428-913F-C37AE82CDB24}.Ad-Hoc|x86.Build.0 = Release|Any CPU
		{67F9D3A8-F71E-4428-913F-C37AE82CDB24}.AppStore|Any CPU.ActiveCfg = Release|Any CPU
		{67F9D3A8-F71E-4428-913F-C37AE82CDB24}.AppStore|Any CPU.Build.0 = Release|Any CPU
		{67F9D3A8-F71E-4428-913F-C37AE82CDB24}.AppStore|ARM.ActiveCfg = Release|Any CPU
		{67F9D3A8-F71E-4428-913F-C37AE82CDB24}.AppStore|ARM.Build.0 = Release|Any CPU
		{67F9D3A8-F71E-4428-913F-C37AE82CDB24}.AppStore|iPhone.ActiveCfg = Release|Any CPU
		{67F9D3A8-F71E-4428-913F-C37AE82CDB24}.AppStore|iPhone.Build.0 = Release|Any CPU
		{67F9D3A8-F71E-4428-913F-C37AE82CDB24}.AppStore|iPhoneSimulator.ActiveCfg = Release|Any CPU
		{67F9D3A8-F71E-4428-913F-C37AE82CDB24}.AppStore|iPhoneSimulator.Build.0 = Release|Any CPU
		{67F9D3A8-F71E-4428-913F-C37AE82CDB24}.AppStore|x64.ActiveCfg = Release|Any CPU
		{67F9D3A8-F71E-4428-913F-C37AE82CDB24}.AppStore|x64.Build.0 = Release|Any CPU
		{67F9D3A8-F71E-4428-913F-C37AE82CDB24}.AppStore|x86.ActiveCfg = Release|Any CPU
		{67F9D3A8-F71E-4428-913F-C37AE82CDB24}.AppStore|x86.Build.0 = Release|Any CPU
		{67F9D3A8-F71E-4428-913F-C37AE82CDB24}.Debug|Any CPU.ActiveCfg = Debug|Any CPU
		{67F9D3A8-F71E-4428-913F-C37AE82CDB24}.Debug|Any CPU.Build.0 = Debug|Any CPU
		{67F9D3A8-F71E-4428-913F-C37AE82CDB24}.Debug|ARM.ActiveCfg = Debug|Any CPU
		{67F9D3A8-F71E-4428-913F-C37AE82CDB24}.Debug|ARM.Build.0 = Debug|Any CPU
		{67F9D3A8-F71E-4428-913F-C37AE82CDB24}.Debug|iPhone.ActiveCfg = Debug|Any CPU
		{67F9D3A8-F71E-4428-913F-C37AE82CDB24}.Debug|iPhone.Build.0 = Debug|Any CPU
		{67F9D3A8-F71E-4428-913F-C37AE82CDB24}.Debug|iPhoneSimulator.ActiveCfg = Debug|Any CPU
		{67F9D3A8-F71E-4428-913F-C37AE82CDB24}.Debug|iPhoneSimulator.Build.0 = Debug|Any CPU
		{67F9D3A8-F71E-4428-913F-C37AE82CDB24}.Debug|x64.ActiveCfg = Debug|Any CPU
		{67F9D3A8-F71E-4428-913F-C37AE82CDB24}.Debug|x64.Build.0 = Debug|Any CPU
		{67F9D3A8-F71E-4428-913F-C37AE82CDB24}.Debug|x86.ActiveCfg = Debug|Any CPU
		{67F9D3A8-F71E-4428-913F-C37AE82CDB24}.Debug|x86.Build.0 = Debug|Any CPU
		{67F9D3A8-F71E-4428-913F-C37AE82CDB24}.Release|Any CPU.ActiveCfg = Release|Any CPU
		{67F9D3A8-F71E-4428-913F-C37AE82CDB24}.Release|Any CPU.Build.0 = Release|Any CPU
		{67F9D3A8-F71E-4428-913F-C37AE82CDB24}.Release|ARM.ActiveCfg = Release|Any CPU
		{67F9D3A8-F71E-4428-913F-C37AE82CDB24}.Release|ARM.Build.0 = Release|Any CPU
		{67F9D3A8-F71E-4428-913F-C37AE82CDB24}.Release|iPhone.ActiveCfg = Release|Any CPU
		{67F9D3A8-F71E-4428-913F-C37AE82CDB24}.Release|iPhone.Build.0 = Release|Any CPU
		{67F9D3A8-F71E-4428-913F-C37AE82CDB24}.Release|iPhoneSimulator.ActiveCfg = Release|Any CPU
		{67F9D3A8-F71E-4428-913F-C37AE82CDB24}.Release|iPhoneSimulator.Build.0 = Release|Any CPU
		{67F9D3A8-F71E-4428-913F-C37AE82CDB24}.Release|x64.ActiveCfg = Release|Any CPU
		{67F9D3A8-F71E-4428-913F-C37AE82CDB24}.Release|x64.Build.0 = Release|Any CPU
		{67F9D3A8-F71E-4428-913F-C37AE82CDB24}.Release|x86.ActiveCfg = Release|Any CPU
		{67F9D3A8-F71E-4428-913F-C37AE82CDB24}.Release|x86.Build.0 = Release|Any CPU
	EndGlobalSection
	GlobalSection(SolutionProperties) = preSolution
		HideSolutionNode = FALSE
	EndGlobalSection
EndGlobal
